
Microsoft Visual Studio Solution File, Format Version 12.00
# Visual Studio Version 17
VisualStudioVersion = 17.13.35825.156
MinimumVisualStudioVersion = 10.0.40219.1
Project("{FAE04EC0-301F-11D3-BF4B-00C04F79EFBC}") = "minileveldb", "minileveldb\minileveldb.csproj", "{949C1859-37AC-452C-A174-BB791954FDA0}"
EndProject
Project("{FAE04EC0-301F-11D3-BF4B-00C04F79EFBC}") = "minileveldb.test", "minileveldb.test\minileveldb.test.csproj", "{BC54C471-091D-477A-8899-412C11FAEBB3}"
EndProject
Global
	GlobalSection(SolutionConfigurationPlatforms) = preSolution
		Debug|Any CPU = Debug|Any CPU
		Release|Any CPU = Release|Any CPU
	EndGlobalSection
	GlobalSection(ProjectConfigurationPlatforms) = postSolution
		{949C1859-37AC-452C-A174-BB791954FDA0}.Debug|Any CPU.ActiveCfg = Debug|Any CPU
		{949C1859-37AC-452C-A174-BB791954FDA0}.Debug|Any CPU.Build.0 = Debug|Any CPU
		{949C1859-37AC-452C-A174-BB791954FDA0}.Release|Any CPU.ActiveCfg = Release|Any CPU
		{949C1859-37AC-452C-A174-BB791954FDA0}.Release|Any CPU.Build.0 = Release|Any CPU
		{BC54C471-091D-477A-8899-412C11FAEBB3}.Debug|Any CPU.ActiveCfg = Debug|Any CPU
		{BC54C471-091D-477A-8899-412C11FAEBB3}.Debug|Any CPU.Build.0 = Debug|Any CPU
		{BC54C471-091D-477A-8899-412C11FAEBB3}.Release|Any CPU.ActiveCfg = Release|Any CPU
		{BC54C471-091D-477A-8899-412C11FAEBB3}.Release|Any CPU.Build.0 = Release|Any CPU
	EndGlobalSection
	GlobalSection(SolutionProperties) = preSolution
		HideSolutionNode = FALSE
	EndGlobalSection
	GlobalSection(ExtensibilityGlobals) = postSolution
		SolutionGuid = {EA2842B1-CA1B-4EF2-9FE0-8E52034A4801}
	EndGlobalSection
EndGlobal
